
Microsoft Visual Studio Solution File, Format Version 12.00
# Visual Studio 2013
VisualStudioVersion = 12.0.31101.0
MinimumVisualStudioVersion = 10.0.40219.1
Project("{FAE04EC0-301F-11D3-BF4B-00C04F79EFBC}") = "TopPalavras", "TopPalavras\TopPalavras.csproj", "{E89A602E-DC2A-42C2-A464-EC54FE11381B}"
EndProject
Project("{FAE04EC0-301F-11D3-BF4B-00C04F79EFBC}") = "TopPalavras.Application", "TopPalavras.Application\TopPalavras.Application.csproj", "{6E774082-B32E-4F11-86C1-A2D15374EE58}"
EndProject
Project("{FAE04EC0-301F-11D3-BF4B-00C04F79EFBC}") = "TopPalavras.Application.Tests", "TopPalavras.Application.Tests\TopPalavras.Application.Tests.csproj", "{F2FFEA3F-F692-4585-A169-6C1DC7AEC41D}"
EndProject
Project("{FAE04EC0-301F-11D3-BF4B-00C04F79EFBC}") = "TopPalavras.Domain", "TopPalavras.Domain\TopPalavras.Domain.csproj", "{061C852E-D959-4A84-AFFD-A7FE65BBDC1D}"
EndProject
Project("{FAE04EC0-301F-11D3-BF4B-00C04F79EFBC}") = "TopPalavras.Infrastructure", "TopPalavras.Infrastructure\TopPalavras.Infrastructure.csproj", "{00A0D91F-C03E-4AED-8407-C70AA244CF11}"
EndProject
Global
	GlobalSection(SolutionConfigurationPlatforms) = preSolution
		Debug|Any CPU = Debug|Any CPU
		Release|Any CPU = Release|Any CPU
	EndGlobalSection
	GlobalSection(ProjectConfigurationPlatforms) = postSolution
		{E89A602E-DC2A-42C2-A464-EC54FE11381B}.Debug|Any CPU.ActiveCfg = Debug|Any CPU
		{E89A602E-DC2A-42C2-A464-EC54FE11381B}.Debug|Any CPU.Build.0 = Debug|Any CPU
		{E89A602E-DC2A-42C2-A464-EC54FE11381B}.Release|Any CPU.ActiveCfg = Release|Any CPU
		{E89A602E-DC2A-42C2-A464-EC54FE11381B}.Release|Any CPU.Build.0 = Release|Any CPU
		{6E774082-B32E-4F11-86C1-A2D15374EE58}.Debug|Any CPU.ActiveCfg = Debug|Any CPU
		{6E774082-B32E-4F11-86C1-A2D15374EE58}.Debug|Any CPU.Build.0 = Debug|Any CPU
		{6E774082-B32E-4F11-86C1-A2D15374EE58}.Release|Any CPU.ActiveCfg = Release|Any CPU
		{6E774082-B32E-4F11-86C1-A2D15374EE58}.Release|Any CPU.Build.0 = Release|Any CPU
		{F2FFEA3F-F692-4585-A169-6C1DC7AEC41D}.Debug|Any CPU.ActiveCfg = Debug|Any CPU
		{F2FFEA3F-F692-4585-A169-6C1DC7AEC41D}.Debug|Any CPU.Build.0 = Debug|Any CPU
		{F2FFEA3F-F692-4585-A169-6C1DC7AEC41D}.Release|Any CPU.ActiveCfg = Release|Any CPU
		{F2FFEA3F-F692-4585-A169-6C1DC7AEC41D}.Release|Any CPU.Build.0 = Release|Any CPU
		{061C852E-D959-4A84-AFFD-A7FE65BBDC1D}.Debug|Any CPU.ActiveCfg = Debug|Any CPU
		{061C852E-D959-4A84-AFFD-A7FE65BBDC1D}.Debug|Any CPU.Build.0 = Debug|Any CPU
		{061C852E-D959-4A84-AFFD-A7FE65BBDC1D}.Release|Any CPU.ActiveCfg = Release|Any CPU
		{061C852E-D959-4A84-AFFD-A7FE65BBDC1D}.Release|Any CPU.Build.0 = Release|Any CPU
		{00A0D91F-C03E-4AED-8407-C70AA244CF11}.Debug|Any CPU.ActiveCfg = Debug|Any CPU
		{00A0D91F-C03E-4AED-8407-C70AA244CF11}.Debug|Any CPU.Build.0 = Debug|Any CPU
		{00A0D91F-C03E-4AED-8407-C70AA244CF11}.Release|Any CPU.ActiveCfg = Release|Any CPU
		{00A0D91F-C03E-4AED-8407-C70AA244CF11}.Release|Any CPU.Build.0 = Release|Any CPU
	EndGlobalSection
	GlobalSection(SolutionProperties) = preSolution
		HideSolutionNode = FALSE
	EndGlobalSection
EndGlobal
